{
    "_readme": [
        "This file locks the dependencies of your project to a known state",
        "Read more about it at http://getcomposer.org/doc/01-basic-usage.md#composer-lock-the-lock-file",
        "This file is @generated automatically"
    ],
    "hash": "46af2e51d25b8bfde574ea3461227d57",
    "packages": [
        {
            "name": "bolt80/stupidhttp",
            "version": "v0.2.0",
            "source": {
                "type": "git",
                "url": "https://github.com/ludovicchabant/StupidHttp.git",
                "reference": "5bee4ddd2162f860721884450586e25cb48950d1"
            },
            "dist": {
                "type": "zip",
                "url": "https://api.github.com/repos/ludovicchabant/StupidHttp/zipball/5bee4ddd2162f860721884450586e25cb48950d1",
                "reference": "5bee4ddd2162f860721884450586e25cb48950d1",
                "shasum": ""
            },
            "require": {
                "php": ">= 5.3.0"
            },
            "type": "library",
            "autoload": {
                "psr-0": {
                    "StupidHttp_": "lib"
                }
            },
            "notification-url": "https://packagist.org/downloads/",
            "license": [
                "Apache-2.0"
            ],
            "authors": [
                {
                    "name": "Ludovic Chabant",
                    "homepage": "http://ludovic.chabant.com"
                }
            ],
            "description": "A stupid and simple development HTTP server.",
            "homepage": "http://bolt80.com/stupidhttp",
            "keywords": [
                "http",
                "net",
                "server",
                "web"
            ],
            "time": "2012-05-31 20:28:25"
        }
    ],
    "packages-dev": [

    ],
    "aliases": [

    ],
    "minimum-stability": "stable",
    "stability-flags": [

    ],
    "platform": [

    ],
    "platform-dev": [

    ]
}
